// !$*UTF8*$!
{
	archiveVersion = 1;
	classes = {
	};
	objectVersion = 50;
	objects = {

/* Begin PBXBuildFile section */
		91075A3923EC75CD00F64376 /* GFTextField.swift in Sources */ = {isa = PBXBuildFile; fileRef = 91075A3823EC75CD00F64376 /* GFTextField.swift */; };
		91075A3B23EC804E00F64376 /* FollowerListVC.swift in Sources */ = {isa = PBXBuildFile; fileRef = 91075A3A23EC804E00F64376 /* FollowerListVC.swift */; };
		91160EDF23F3457B00998B7D /* FollowerCell.swift in Sources */ = {isa = PBXBuildFile; fileRef = 91160EDE23F3457B00998B7D /* FollowerCell.swift */; };
		91160EE123F345FE00998B7D /* GFAvatarImageView.swift in Sources */ = {isa = PBXBuildFile; fileRef = 91160EE023F345FE00998B7D /* GFAvatarImageView.swift */; };
		91424AD323F18F40002DAD86 /* Follower.swift in Sources */ = {isa = PBXBuildFile; fileRef = 91424AD223F18F40002DAD86 /* Follower.swift */; };
		91424AD523F1900B002DAD86 /* User.swift in Sources */ = {isa = PBXBuildFile; fileRef = 91424AD423F1900B002DAD86 /* User.swift */; };
		91424AD823F19630002DAD86 /* NetworkManager.swift in Sources */ = {isa = PBXBuildFile; fileRef = 91424AD723F19630002DAD86 /* NetworkManager.swift */; };
		91424ADB23F1ABE8002DAD86 /* ErrorMessage.swift in Sources */ = {isa = PBXBuildFile; fileRef = 91424ADA23F1ABE8002DAD86 /* ErrorMessage.swift */; };
		91565EC423EAD84C008A3962 /* AppDelegate.swift in Sources */ = {isa = PBXBuildFile; fileRef = 91565EC323EAD84C008A3962 /* AppDelegate.swift */; };
		91565EC623EAD84C008A3962 /* SceneDelegate.swift in Sources */ = {isa = PBXBuildFile; fileRef = 91565EC523EAD84C008A3962 /* SceneDelegate.swift */; };
		91565ECD23EAD84F008A3962 /* Assets.xcassets in Resources */ = {isa = PBXBuildFile; fileRef = 91565ECC23EAD84F008A3962 /* Assets.xcassets */; };
		91565ED023EAD84F008A3962 /* LaunchScreen.storyboard in Resources */ = {isa = PBXBuildFile; fileRef = 91565ECE23EAD84F008A3962 /* LaunchScreen.storyboard */; };
		91565ED823EAE7B2008A3962 /* SearchVC.swift in Sources */ = {isa = PBXBuildFile; fileRef = 91565ED723EAE7B2008A3962 /* SearchVC.swift */; };
		91565EDA23EAE7DF008A3962 /* FavoritesListVC.swift in Sources */ = {isa = PBXBuildFile; fileRef = 91565ED923EAE7DF008A3962 /* FavoritesListVC.swift */; };
		91565EDC23EB064B008A3962 /* GFButton.swift in Sources */ = {isa = PBXBuildFile; fileRef = 91565EDB23EB064B008A3962 /* GFButton.swift */; };
		919BA58223F4462000E9F181 /* UIHelper.swift in Sources */ = {isa = PBXBuildFile; fileRef = 919BA58123F4462000E9F181 /* UIHelper.swift */; };
		91C19AE123ED898E00A16FC9 /* GFTitleLabel.swift in Sources */ = {isa = PBXBuildFile; fileRef = 91C19AE023ED898E00A16FC9 /* GFTitleLabel.swift */; };
		91C19AE323ED8B4900A16FC9 /* GFBodyLabel.swift in Sources */ = {isa = PBXBuildFile; fileRef = 91C19AE223ED8B4900A16FC9 /* GFBodyLabel.swift */; };
		91C19AE523ED8C7500A16FC9 /* GFAlertVC.swift in Sources */ = {isa = PBXBuildFile; fileRef = 91C19AE423ED8C7500A16FC9 /* GFAlertVC.swift */; };
		91C19AE723ED95DE00A16FC9 /* UIViewController+Ext.swift in Sources */ = {isa = PBXBuildFile; fileRef = 91C19AE623ED95DE00A16FC9 /* UIViewController+Ext.swift */; };
/* End PBXBuildFile section */

/* Begin PBXFileReference section */
		91075A3823EC75CD00F64376 /* GFTextField.swift */ = {isa = PBXFileReference; lastKnownFileType = sourcecode.swift; path = GFTextField.swift; sourceTree = "<group>"; };
		91075A3A23EC804E00F64376 /* FollowerListVC.swift */ = {isa = PBXFileReference; lastKnownFileType = sourcecode.swift; path = FollowerListVC.swift; sourceTree = "<group>"; };
		91160EDE23F3457B00998B7D /* FollowerCell.swift */ = {isa = PBXFileReference; lastKnownFileType = sourcecode.swift; path = FollowerCell.swift; sourceTree = "<group>"; };
		91160EE023F345FE00998B7D /* GFAvatarImageView.swift */ = {isa = PBXFileReference; lastKnownFileType = sourcecode.swift; path = GFAvatarImageView.swift; sourceTree = "<group>"; };
		91424AD223F18F40002DAD86 /* Follower.swift */ = {isa = PBXFileReference; lastKnownFileType = sourcecode.swift; path = Follower.swift; sourceTree = "<group>"; };
		91424AD423F1900B002DAD86 /* User.swift */ = {isa = PBXFileReference; lastKnownFileType = sourcecode.swift; path = User.swift; sourceTree = "<group>"; };
		91424AD723F19630002DAD86 /* NetworkManager.swift */ = {isa = PBXFileReference; lastKnownFileType = sourcecode.swift; path = NetworkManager.swift; sourceTree = "<group>"; };
		91424ADA23F1ABE8002DAD86 /* ErrorMessage.swift */ = {isa = PBXFileReference; lastKnownFileType = sourcecode.swift; path = ErrorMessage.swift; sourceTree = "<group>"; };
		91565EC023EAD84C008A3962 /* GHFollowers.app */ = {isa = PBXFileReference; explicitFileType = wrapper.application; includeInIndex = 0; path = GHFollowers.app; sourceTree = BUILT_PRODUCTS_DIR; };
		91565EC323EAD84C008A3962 /* AppDelegate.swift */ = {isa = PBXFileReference; lastKnownFileType = sourcecode.swift; path = AppDelegate.swift; sourceTree = "<group>"; };
		91565EC523EAD84C008A3962 /* SceneDelegate.swift */ = {isa = PBXFileReference; lastKnownFileType = sourcecode.swift; path = SceneDelegate.swift; sourceTree = "<group>"; };
		91565ECC23EAD84F008A3962 /* Assets.xcassets */ = {isa = PBXFileReference; lastKnownFileType = folder.assetcatalog; path = Assets.xcassets; sourceTree = "<group>"; };
		91565ECF23EAD84F008A3962 /* Base */ = {isa = PBXFileReference; lastKnownFileType = file.storyboard; name = Base; path = Base.lproj/LaunchScreen.storyboard; sourceTree = "<group>"; };
		91565ED123EAD84F008A3962 /* Info.plist */ = {isa = PBXFileReference; lastKnownFileType = text.plist.xml; path = Info.plist; sourceTree = "<group>"; };
		91565ED723EAE7B2008A3962 /* SearchVC.swift */ = {isa = PBXFileReference; lastKnownFileType = sourcecode.swift; path = SearchVC.swift; sourceTree = "<group>"; };
		91565ED923EAE7DF008A3962 /* FavoritesListVC.swift */ = {isa = PBXFileReference; lastKnownFileType = sourcecode.swift; path = FavoritesListVC.swift; sourceTree = "<group>"; };
		91565EDB23EB064B008A3962 /* GFButton.swift */ = {isa = PBXFileReference; lastKnownFileType = sourcecode.swift; path = GFButton.swift; sourceTree = "<group>"; };
		919BA58123F4462000E9F181 /* UIHelper.swift */ = {isa = PBXFileReference; lastKnownFileType = sourcecode.swift; path = UIHelper.swift; sourceTree = "<group>"; };
		91C19AE023ED898E00A16FC9 /* GFTitleLabel.swift */ = {isa = PBXFileReference; lastKnownFileType = sourcecode.swift; path = GFTitleLabel.swift; sourceTree = "<group>"; };
		91C19AE223ED8B4900A16FC9 /* GFBodyLabel.swift */ = {isa = PBXFileReference; lastKnownFileType = sourcecode.swift; path = GFBodyLabel.swift; sourceTree = "<group>"; };
		91C19AE423ED8C7500A16FC9 /* GFAlertVC.swift */ = {isa = PBXFileReference; lastKnownFileType = sourcecode.swift; path = GFAlertVC.swift; sourceTree = "<group>"; };
		91C19AE623ED95DE00A16FC9 /* UIViewController+Ext.swift */ = {isa = PBXFileReference; lastKnownFileType = sourcecode.swift; path = "UIViewController+Ext.swift"; sourceTree = "<group>"; };
/* End PBXFileReference section */

/* Begin PBXFrameworksBuildPhase section */
		91565EBD23EAD84C008A3962 /* Frameworks */ = {
			isa = PBXFrameworksBuildPhase;
			buildActionMask = 2147483647;
			files = (
			);
			runOnlyForDeploymentPostprocessing = 0;
		};
/* End PBXFrameworksBuildPhase section */

/* Begin PBXGroup section */
		91160EDD23F3455800998B7D /* Cells */ = {
			isa = PBXGroup;
			children = (
				91160EDE23F3457B00998B7D /* FollowerCell.swift */,
			);
			path = Cells;
			sourceTree = "<group>";
		};
		91424AD123F18F29002DAD86 /* Model */ = {
			isa = PBXGroup;
			children = (
				91424AD223F18F40002DAD86 /* Follower.swift */,
				91424AD423F1900B002DAD86 /* User.swift */,
			);
			path = Model;
			sourceTree = "<group>";
		};
		91424AD623F19617002DAD86 /* Managers */ = {
			isa = PBXGroup;
			children = (
				91424AD723F19630002DAD86 /* NetworkManager.swift */,
			);
			path = Managers;
			sourceTree = "<group>";
		};
		91424AD923F1ABCD002DAD86 /* Utilities */ = {
			isa = PBXGroup;
			children = (
				91424ADA23F1ABE8002DAD86 /* ErrorMessage.swift */,
				919BA58123F4462000E9F181 /* UIHelper.swift */,
			);
			path = Utilities;
			sourceTree = "<group>";
		};
		91565EB723EAD84C008A3962 = {
			isa = PBXGroup;
			children = (
				91565EC223EAD84C008A3962 /* GHFollowers */,
				91565EC123EAD84C008A3962 /* Products */,
			);
			sourceTree = "<group>";
		};
		91565EC123EAD84C008A3962 /* Products */ = {
			isa = PBXGroup;
			children = (
				91565EC023EAD84C008A3962 /* GHFollowers.app */,
			);
			name = Products;
			sourceTree = "<group>";
		};
		91565EC223EAD84C008A3962 /* GHFollowers */ = {
			isa = PBXGroup;
			children = (
				91424AD623F19617002DAD86 /* Managers */,
				91424AD123F18F29002DAD86 /* Model */,
				91C19AE923EDB8C400A16FC9 /* Custom Views */,
				91C19AE823EDB87700A16FC9 /* Screens */,
				91C19AEA23EDB90F00A16FC9 /* Extensions */,
				91C19AEB23EDB96F00A16FC9 /* Support */,
				91424AD923F1ABCD002DAD86 /* Utilities */,
				91565ED123EAD84F008A3962 /* Info.plist */,
			);
			path = GHFollowers;
			sourceTree = "<group>";
		};
		91C19AE823EDB87700A16FC9 /* Screens */ = {
			isa = PBXGroup;
			children = (
				91565ED723EAE7B2008A3962 /* SearchVC.swift */,
				91075A3A23EC804E00F64376 /* FollowerListVC.swift */,
				91565ED923EAE7DF008A3962 /* FavoritesListVC.swift */,
			);
			path = Screens;
			sourceTree = "<group>";
		};
		91C19AE923EDB8C400A16FC9 /* Custom Views */ = {
			isa = PBXGroup;
			children = (
				91160EDD23F3455800998B7D /* Cells */,
				91C19AE423ED8C7500A16FC9 /* GFAlertVC.swift */,
				91C19AE023ED898E00A16FC9 /* GFTitleLabel.swift */,
				91C19AE223ED8B4900A16FC9 /* GFBodyLabel.swift */,
				91565EDB23EB064B008A3962 /* GFButton.swift */,
				91075A3823EC75CD00F64376 /* GFTextField.swift */,
				91160EE023F345FE00998B7D /* GFAvatarImageView.swift */,
			);
			path = "Custom Views";
			sourceTree = "<group>";
		};
		91C19AEA23EDB90F00A16FC9 /* Extensions */ = {
			isa = PBXGroup;
			children = (
				91C19AE623ED95DE00A16FC9 /* UIViewController+Ext.swift */,
			);
			path = Extensions;
			sourceTree = "<group>";
		};
		91C19AEB23EDB96F00A16FC9 /* Support */ = {
			isa = PBXGroup;
			children = (
				91565EC323EAD84C008A3962 /* AppDelegate.swift */,
				91565EC523EAD84C008A3962 /* SceneDelegate.swift */,
				91565ECC23EAD84F008A3962 /* Assets.xcassets */,
				91565ECE23EAD84F008A3962 /* LaunchScreen.storyboard */,
			);
			path = Support;
			sourceTree = "<group>";
		};
/* End PBXGroup section */

/* Begin PBXNativeTarget section */
		91565EBF23EAD84C008A3962 /* GHFollowers */ = {
			isa = PBXNativeTarget;
			buildConfigurationList = 91565ED423EAD84F008A3962 /* Build configuration list for PBXNativeTarget "GHFollowers" */;
			buildPhases = (
				91565EBC23EAD84C008A3962 /* Sources */,
				91565EBD23EAD84C008A3962 /* Frameworks */,
				91565EBE23EAD84C008A3962 /* Resources */,
			);
			buildRules = (
			);
			dependencies = (
			);
			name = GHFollowers;
			productName = GHFollowers;
			productReference = 91565EC023EAD84C008A3962 /* GHFollowers.app */;
			productType = "com.apple.product-type.application";
		};
/* End PBXNativeTarget section */

/* Begin PBXProject section */
		91565EB823EAD84C008A3962 /* Project object */ = {
			isa = PBXProject;
			attributes = {
				LastSwiftUpdateCheck = 1130;
				LastUpgradeCheck = 1130;
				ORGANIZATIONNAME = "Yegor Zubarets";
				TargetAttributes = {
					91565EBF23EAD84C008A3962 = {
						CreatedOnToolsVersion = 11.3.1;
					};
				};
			};
			buildConfigurationList = 91565EBB23EAD84C008A3962 /* Build configuration list for PBXProject "GHFollowers" */;
			compatibilityVersion = "Xcode 9.3";
			developmentRegion = en;
			hasScannedForEncodings = 0;
			knownRegions = (
				en,
				Base,
			);
			mainGroup = 91565EB723EAD84C008A3962;
			productRefGroup = 91565EC123EAD84C008A3962 /* Products */;
			projectDirPath = "";
			projectRoot = "";
			targets = (
				91565EBF23EAD84C008A3962 /* GHFollowers */,
			);
		};
/* End PBXProject section */

/* Begin PBXResourcesBuildPhase section */
		91565EBE23EAD84C008A3962 /* Resources */ = {
			isa = PBXResourcesBuildPhase;
			buildActionMask = 2147483647;
			files = (
				91565ED023EAD84F008A3962 /* LaunchScreen.storyboard in Resources */,
				91565ECD23EAD84F008A3962 /* Assets.xcassets in Resources */,
			);
			runOnlyForDeploymentPostprocessing = 0;
		};
/* End PBXResourcesBuildPhase section */

/* Begin PBXSourcesBuildPhase section */
		91565EBC23EAD84C008A3962 /* Sources */ = {
			isa = PBXSourcesBuildPhase;
			buildActionMask = 2147483647;
			files = (
				91424AD523F1900B002DAD86 /* User.swift in Sources */,
				91075A3923EC75CD00F64376 /* GFTextField.swift in Sources */,
				91565EDA23EAE7DF008A3962 /* FavoritesListVC.swift in Sources */,
				91565EDC23EB064B008A3962 /* GFButton.swift in Sources */,
				91C19AE723ED95DE00A16FC9 /* UIViewController+Ext.swift in Sources */,
				919BA58223F4462000E9F181 /* UIHelper.swift in Sources */,
				91160EE123F345FE00998B7D /* GFAvatarImageView.swift in Sources */,
				91565ED823EAE7B2008A3962 /* SearchVC.swift in Sources */,
				91C19AE523ED8C7500A16FC9 /* GFAlertVC.swift in Sources */,
				91160EDF23F3457B00998B7D /* FollowerCell.swift in Sources */,
				91424ADB23F1ABE8002DAD86 /* ErrorMessage.swift in Sources */,
				91C19AE323ED8B4900A16FC9 /* GFBodyLabel.swift in Sources */,
				91424AD323F18F40002DAD86 /* Follower.swift in Sources */,
				91C19AE123ED898E00A16FC9 /* GFTitleLabel.swift in Sources */,
				91424AD823F19630002DAD86 /* NetworkManager.swift in Sources */,
				91075A3B23EC804E00F64376 /* FollowerListVC.swift in Sources */,
				91565EC423EAD84C008A3962 /* AppDelegate.swift in Sources */,
				91565EC623EAD84C008A3962 /* SceneDelegate.swift in Sources */,
			);
			runOnlyForDeploymentPostprocessing = 0;
		};
/* End PBXSourcesBuildPhase section */

/* Begin PBXVariantGroup section */
		91565ECE23EAD84F008A3962 /* LaunchScreen.storyboard */ = {
			isa = PBXVariantGroup;
			children = (
				91565ECF23EAD84F008A3962 /* Base */,
			);
			name = LaunchScreen.storyboard;
			sourceTree = "<group>";
		};
/* End PBXVariantGroup section */

/* Begin XCBuildConfiguration section */
		91565ED223EAD84F008A3962 /* Debug */ = {
			isa = XCBuildConfiguration;
			buildSettings = {
				ALWAYS_SEARCH_USER_PATHS = NO;
				CLANG_ANALYZER_NONNULL = YES;
				CLANG_ANALYZER_NUMBER_OBJECT_CONVERSION = YES_AGGRESSIVE;
				CLANG_CXX_LANGUAGE_STANDARD = "gnu++14";
				CLANG_CXX_LIBRARY = "libc++";
				CLANG_ENABLE_MODULES = YES;
				CLANG_ENABLE_OBJC_ARC = YES;
				CLANG_ENABLE_OBJC_WEAK = YES;
				CLANG_WARN_BLOCK_CAPTURE_AUTORELEASING = YES;
				CLANG_WARN_BOOL_CONVERSION = YES;
				CLANG_WARN_COMMA = YES;
				CLANG_WARN_CONSTANT_CONVERSION = YES;
				CLANG_WARN_DEPRECATED_OBJC_IMPLEMENTATIONS = YES;
				CLANG_WARN_DIRECT_OBJC_ISA_USAGE = YES_ERROR;
				CLANG_WARN_DOCUMENTATION_COMMENTS = YES;
				CLANG_WARN_EMPTY_BODY = YES;
				CLANG_WARN_ENUM_CONVERSION = YES;
				CLANG_WARN_INFINITE_RECURSION = YES;
				CLANG_WARN_INT_CONVERSION = YES;
				CLANG_WARN_NON_LITERAL_NULL_CONVERSION = YES;
				CLANG_WARN_OBJC_IMPLICIT_RETAIN_SELF = YES;
				CLANG_WARN_OBJC_LITERAL_CONVERSION = YES;
				CLANG_WARN_OBJC_ROOT_CLASS = YES_ERROR;
				CLANG_WARN_RANGE_LOOP_ANALYSIS = YES;
				CLANG_WARN_STRICT_PROTOTYPES = YES;
				CLANG_WARN_SUSPICIOUS_MOVE = YES;
				CLANG_WARN_UNGUARDED_AVAILABILITY = YES_AGGRESSIVE;
				CLANG_WARN_UNREACHABLE_CODE = YES;
				CLANG_WARN__DUPLICATE_METHOD_MATCH = YES;
				COPY_PHASE_STRIP = NO;
				DEBUG_INFORMATION_FORMAT = dwarf;
				ENABLE_STRICT_OBJC_MSGSEND = YES;
				ENABLE_TESTABILITY = YES;
				GCC_C_LANGUAGE_STANDARD = gnu11;
				GCC_DYNAMIC_NO_PIC = NO;
				GCC_NO_COMMON_BLOCKS = YES;
				GCC_OPTIMIZATION_LEVEL = 0;
				GCC_PREPROCESSOR_DEFINITIONS = (
					"DEBUG=1",
					"$(inherited)",
				);
				GCC_WARN_64_TO_32_BIT_CONVERSION = YES;
				GCC_WARN_ABOUT_RETURN_TYPE = YES_ERROR;
				GCC_WARN_UNDECLARED_SELECTOR = YES;
				GCC_WARN_UNINITIALIZED_AUTOS = YES_AGGRESSIVE;
				GCC_WARN_UNUSED_FUNCTION = YES;
				GCC_WARN_UNUSED_VARIABLE = YES;
				IPHONEOS_DEPLOYMENT_TARGET = 13.2;
				MTL_ENABLE_DEBUG_INFO = INCLUDE_SOURCE;
				MTL_FAST_MATH = YES;
				ONLY_ACTIVE_ARCH = YES;
				SDKROOT = iphoneos;
				SWIFT_ACTIVE_COMPILATION_CONDITIONS = DEBUG;
				SWIFT_OPTIMIZATION_LEVEL = "-Onone";
			};
			name = Debug;
		};
		91565ED323EAD84F008A3962 /* Release */ = {
			isa = XCBuildConfiguration;
			buildSettings = {
				ALWAYS_SEARCH_USER_PATHS = NO;
				CLANG_ANALYZER_NONNULL = YES;
				CLANG_ANALYZER_NUMBER_OBJECT_CONVERSION = YES_AGGRESSIVE;
				CLANG_CXX_LANGUAGE_STANDARD = "gnu++14";
				CLANG_CXX_LIBRARY = "libc++";
				CLANG_ENABLE_MODULES = YES;
				CLANG_ENABLE_OBJC_ARC = YES;
				CLANG_ENABLE_OBJC_WEAK = YES;
				CLANG_WARN_BLOCK_CAPTURE_AUTORELEASING = YES;
				CLANG_WARN_BOOL_CONVERSION = YES;
				CLANG_WARN_COMMA = YES;
				CLANG_WARN_CONSTANT_CONVERSION = YES;
				CLANG_WARN_DEPRECATED_OBJC_IMPLEMENTATIONS = YES;
				CLANG_WARN_DIRECT_OBJC_ISA_USAGE = YES_ERROR;
				CLANG_WARN_DOCUMENTATION_COMMENTS = YES;
				CLANG_WARN_EMPTY_BODY = YES;
				CLANG_WARN_ENUM_CONVERSION = YES;
				CLANG_WARN_INFINITE_RECURSION = YES;
				CLANG_WARN_INT_CONVERSION = YES;
				CLANG_WARN_NON_LITERAL_NULL_CONVERSION = YES;
				CLANG_WARN_OBJC_IMPLICIT_RETAIN_SELF = YES;
				CLANG_WARN_OBJC_LITERAL_CONVERSION = YES;
				CLANG_WARN_OBJC_ROOT_CLASS = YES_ERROR;
				CLANG_WARN_RANGE_LOOP_ANALYSIS = YES;
				CLANG_WARN_STRICT_PROTOTYPES = YES;
				CLANG_WARN_SUSPICIOUS_MOVE = YES;
				CLANG_WARN_UNGUARDED_AVAILABILITY = YES_AGGRESSIVE;
				CLANG_WARN_UNREACHABLE_CODE = YES;
				CLANG_WARN__DUPLICATE_METHOD_MATCH = YES;
				COPY_PHASE_STRIP = NO;
				DEBUG_INFORMATION_FORMAT = "dwarf-with-dsym";
				ENABLE_NS_ASSERTIONS = NO;
				ENABLE_STRICT_OBJC_MSGSEND = YES;
				GCC_C_LANGUAGE_STANDARD = gnu11;
				GCC_NO_COMMON_BLOCKS = YES;
				GCC_WARN_64_TO_32_BIT_CONVERSION = YES;
				GCC_WARN_ABOUT_RETURN_TYPE = YES_ERROR;
				GCC_WARN_UNDECLARED_SELECTOR = YES;
				GCC_WARN_UNINITIALIZED_AUTOS = YES_AGGRESSIVE;
				GCC_WARN_UNUSED_FUNCTION = YES;
				GCC_WARN_UNUSED_VARIABLE = YES;
				IPHONEOS_DEPLOYMENT_TARGET = 13.2;
				MTL_ENABLE_DEBUG_INFO = NO;
				MTL_FAST_MATH = YES;
				SDKROOT = iphoneos;
				SWIFT_COMPILATION_MODE = wholemodule;
				SWIFT_OPTIMIZATION_LEVEL = "-O";
				VALIDATE_PRODUCT = YES;
			};
			name = Release;
		};
		91565ED523EAD84F008A3962 /* Debug */ = {
			isa = XCBuildConfiguration;
			buildSettings = {
				ASSETCATALOG_COMPILER_APPICON_NAME = AppIcon;
				CODE_SIGN_STYLE = Automatic;
				DEVELOPMENT_TEAM = 42VUTDGZHN;
				INFOPLIST_FILE = GHFollowers/Info.plist;
				LD_RUNPATH_SEARCH_PATHS = (
					"$(inherited)",
					"@executable_path/Frameworks",
				);
				PRODUCT_BUNDLE_IDENTIFIER = com.yokeapp.GHFollowers;
				PRODUCT_NAME = "$(TARGET_NAME)";
				SWIFT_VERSION = 5.0;
				TARGETED_DEVICE_FAMILY = 1;
			};
			name = Debug;
		};
		91565ED623EAD84F008A3962 /* Release */ = {
			isa = XCBuildConfiguration;
			buildSettings = {
				ASSETCATALOG_COMPILER_APPICON_NAME = AppIcon;
				CODE_SIGN_STYLE = Automatic;
				DEVELOPMENT_TEAM = 42VUTDGZHN;
				INFOPLIST_FILE = GHFollowers/Info.plist;
				LD_RUNPATH_SEARCH_PATHS = (
					"$(inherited)",
					"@executable_path/Frameworks",
				);
				PRODUCT_BUNDLE_IDENTIFIER = com.yokeapp.GHFollowers;
				PRODUCT_NAME = "$(TARGET_NAME)";
				SWIFT_VERSION = 5.0;
				TARGETED_DEVICE_FAMILY = 1;
			};
			name = Release;
		};
/* End XCBuildConfiguration section */

/* Begin XCConfigurationList section */
		91565EBB23EAD84C008A3962 /* Build configuration list for PBXProject "GHFollowers" */ = {
			isa = XCConfigurationList;
			buildConfigurations = (
				91565ED223EAD84F008A3962 /* Debug */,
				91565ED323EAD84F008A3962 /* Release */,
			);
			defaultConfigurationIsVisible = 0;
			defaultConfigurationName = Release;
		};
		91565ED423EAD84F008A3962 /* Build configuration list for PBXNativeTarget "GHFollowers" */ = {
			isa = XCConfigurationList;
			buildConfigurations = (
				91565ED523EAD84F008A3962 /* Debug */,
				91565ED623EAD84F008A3962 /* Release */,
			);
			defaultConfigurationIsVisible = 0;
			defaultConfigurationName = Release;
		};
/* End XCConfigurationList section */
	};
	rootObject = 91565EB823EAD84C008A3962 /* Project object */;
}
